
Microsoft Visual Studio Solution File, Format Version 12.00
# Visual Studio Version 16
VisualStudioVersion = 16.0.31624.102
MinimumVisualStudioVersion = 10.0.40219.1
Project("{FAE04EC0-301F-11D3-BF4B-00C04F79EFBC}") = "VideoPlayer.Android", "VideoPlayer.Android\VideoPlayer.Android.csproj", "{E755FAC5-0209-4282-ABCE-66BFB7F00B03}"
EndProject
Project("{FAE04EC0-301F-11D3-BF4B-00C04F79EFBC}") = "VideoPlayer", "VideoPlayer\VideoPlayer.csproj", "{8C54B4FE-6D56-4DDD-9B6C-D93C4335AE2B}"
EndProject
Global
	GlobalSection(SolutionConfigurationPlatforms) = preSolution
		Debug|Any CPU = Debug|Any CPU
		Release|Any CPU = Release|Any CPU
	EndGlobalSection
	GlobalSection(ProjectConfigurationPlatforms) = postSolution
		{E755FAC5-0209-4282-ABCE-66BFB7F00B03}.Debug|Any CPU.ActiveCfg = Debug|Any CPU
		{E755FAC5-0209-4282-ABCE-66BFB7F00B03}.Debug|Any CPU.Build.0 = Debug|Any CPU
		{E755FAC5-0209-4282-ABCE-66BFB7F00B03}.Debug|Any CPU.Deploy.0 = Debug|Any CPU
		{E755FAC5-0209-4282-ABCE-66BFB7F00B03}.Release|Any CPU.ActiveCfg = Release|Any CPU
		{E755FAC5-0209-4282-ABCE-66BFB7F00B03}.Release|Any CPU.Build.0 = Release|Any CPU
		{E755FAC5-0209-4282-ABCE-66BFB7F00B03}.Release|Any CPU.Deploy.0 = Release|Any CPU
		{8C54B4FE-6D56-4DDD-9B6C-D93C4335AE2B}.Debug|Any CPU.ActiveCfg = Debug|Any CPU
		{8C54B4FE-6D56-4DDD-9B6C-D93C4335AE2B}.Debug|Any CPU.Build.0 = Debug|Any CPU
		{8C54B4FE-6D56-4DDD-9B6C-D93C4335AE2B}.Debug|Any CPU.Deploy.0 = Debug|Any CPU
		{8C54B4FE-6D56-4DDD-9B6C-D93C4335AE2B}.Release|Any CPU.ActiveCfg = Release|Any CPU
		{8C54B4FE-6D56-4DDD-9B6C-D93C4335AE2B}.Release|Any CPU.Build.0 = Release|Any CPU
		{8C54B4FE-6D56-4DDD-9B6C-D93C4335AE2B}.Release|Any CPU.Deploy.0 = Release|Any CPU
	EndGlobalSection
	GlobalSection(SolutionProperties) = preSolution
		HideSolutionNode = FALSE
	EndGlobalSection
	GlobalSection(ExtensibilityGlobals) = postSolution
		SolutionGuid = {9FBD5C5D-AF0B-44BB-BA34-A3F59841536C}
	EndGlobalSection
EndGlobal
